
Microsoft Visual Studio Solution File, Format Version 12.00
# Visual Studio 15
VisualStudioVersion = 15.0.28307.421
MinimumVisualStudioVersion = 10.0.40219.1
Project("{FAE04EC0-301F-11D3-BF4B-00C04F79EFBC}") = "CSh-WForm-Agenda", "CSh-WForm-Agenda\CSh-WForm-Agenda.csproj", "{21BB7D1B-4666-4098-B2ED-B1627328C8E0}"
EndProject
Global
	GlobalSection(SolutionConfigurationPlatforms) = preSolution
		Debug|Any CPU = Debug|Any CPU
		Release|Any CPU = Release|Any CPU
	EndGlobalSection
	GlobalSection(ProjectConfigurationPlatforms) = postSolution
		{21BB7D1B-4666-4098-B2ED-B1627328C8E0}.Debug|Any CPU.ActiveCfg = Debug|Any CPU
		{21BB7D1B-4666-4098-B2ED-B1627328C8E0}.Debug|Any CPU.Build.0 = Debug|Any CPU
		{21BB7D1B-4666-4098-B2ED-B1627328C8E0}.Release|Any CPU.ActiveCfg = Release|Any CPU
		{21BB7D1B-4666-4098-B2ED-B1627328C8E0}.Release|Any CPU.Build.0 = Release|Any CPU
	EndGlobalSection
	GlobalSection(SolutionProperties) = preSolution
		HideSolutionNode = FALSE
	EndGlobalSection
	GlobalSection(ExtensibilityGlobals) = postSolution
		SolutionGuid = {14641B23-A30E-4FBB-9264-C85355636F53}
	EndGlobalSection
EndGlobal
